<?xml version="1.0" encoding="utf-8"?>
<Project ToolsVersion="4.0" xmlns="http://schemas.microsoft.com/developer/msbuild/2003">
  <ItemGroup>
    <Filter Include="Source Files">
      <UniqueIdentifier>{4FC737F1-C7A5-4376-A066-2A32D752A2FF}</UniqueIdentifier>
      <Extensions>cpp;c;cc;cxx;c++;cppm;ixx;def;odl;idl;hpj;bat;asm;asmx</Extensions>
    </Filter>
    <Filter Include="Source Files\motionDetector">
      <UniqueIdentifier>{d9ce4b49-7a06-4335-b285-d029c41c0045}</UniqueIdentifier>
    </Filter>
    <Filter Include="Source Files\motionDetector\headers">
      <UniqueIdentifier>{0421f34d-e9b2-4bdb-bcda-e5591ff0b739}</UniqueIdentifier>
    </Filter>
  </ItemGroup>
  <ItemGroup>
    <ClCompile Include="Source.cpp">
      <Filter>Source Files</Filter>
    </ClCompile>
    <ClCompile Include="utils.cpp">
      <Filter>Source Files\motionDetector</Filter>
    </ClCompile>
  </ItemGroup>
  <ItemGroup>
    <ClInclude Include="utils.h">
      <Filter>Source Files\motionDetector\headers</Filter>
    </ClInclude>
  </ItemGroup>
</Project>